
Microsoft Visual Studio Solution File, Format Version 12.00
# Visual Studio Version 17
VisualStudioVersion = 17.9.34728.123
MinimumVisualStudioVersion = 10.0.40219.1
Project("{2150E333-8FDC-42A3-9474-1A3956D46DE8}") = "src", "src", "{D6DD12E0-9CB4-4222-B6F7-43075FCA4961}"
EndProject
Project("{2150E333-8FDC-42A3-9474-1A3956D46DE8}") = "Solution Items", "Solution Items", "{7C532EBB-C339-4D42-8486-89FB74823D6B}"
	ProjectSection(SolutionItems) = preProject
		ServiceUrls.txt = ServiceUrls.txt
	EndProjectSection
EndProject
Project("{2150E333-8FDC-42A3-9474-1A3956D46DE8}") = "ApiGateways", "ApiGateways", "{6A5C731D-AE19-4E9B-8557-670CAD727EAF}"
EndProject
Project("{2150E333-8FDC-42A3-9474-1A3956D46DE8}") = "BuildingBlocks", "BuildingBlocks", "{97A762AF-3C4E-47F4-B14D-E636B3459771}"
EndProject
Project("{2150E333-8FDC-42A3-9474-1A3956D46DE8}") = "Services", "Services", "{CD00A8A8-F071-47D4-89D7-5EF4507D3697}"
EndProject
Project("{2150E333-8FDC-42A3-9474-1A3956D46DE8}") = "Clients", "Clients", "{EA7A3CE2-27FE-4E9C-B171-46F1494FB663}"
EndProject
Project("{2150E333-8FDC-42A3-9474-1A3956D46DE8}") = "WebApiGateway", "WebApiGateway", "{4E2A7371-B840-4C2F-8BBE-D915363E2FDF}"
EndProject
Project("{FAE04EC0-301F-11D3-BF4B-00C04F79EFBC}") = "Web.ApiGateway", "src\ApiGateways\WebApiGateway\Web.ApiGateway\Web.ApiGateway.csproj", "{34AAD9EF-4272-458B-BC8F-4A7A9E1C92E3}"
EndProject
Project("{2150E333-8FDC-42A3-9474-1A3956D46DE8}") = "EventBus", "EventBus", "{CFD1AF9E-189A-4E43-82AA-5007A0CFD0D0}"
EndProject
Project("{FAE04EC0-301F-11D3-BF4B-00C04F79EFBC}") = "EventBus.Base", "src\BuildingBlocks\EventBus\EventBus.Base\EventBus.Base.csproj", "{C4EED23E-69CA-4EEB-ABA0-5CD0BAF762F8}"
EndProject
Project("{FAE04EC0-301F-11D3-BF4B-00C04F79EFBC}") = "EventBus.Factory", "src\BuildingBlocks\EventBus\EventBus.Factory\EventBus.Factory.csproj", "{F1DDC6FD-BC2C-4AFC-B432-3F0721638541}"
EndProject
Project("{FAE04EC0-301F-11D3-BF4B-00C04F79EFBC}") = "EventBus.AzureServiceBus", "src\BuildingBlocks\EventBus\EventBus.AzureServiceBus\EventBus.AzureServiceBus.csproj", "{04B07E54-906C-4FC4-815B-377A702D7C91}"
EndProject
Project("{FAE04EC0-301F-11D3-BF4B-00C04F79EFBC}") = "EventBus.RabbitMQ", "src\BuildingBlocks\EventBus\EventBus.RabbitMQ\EventBus.RabbitMQ.csproj", "{CC32DB86-B5B3-4A25-B9E1-EF22F7CEA440}"
EndProject
Project("{2150E333-8FDC-42A3-9474-1A3956D46DE8}") = "BlazorWebApp", "BlazorWebApp", "{70396BC4-B16A-4C69-894C-BBCE4E150DBE}"
EndProject
Project("{FAE04EC0-301F-11D3-BF4B-00C04F79EFBC}") = "WebApp", "Src\Clients\BlazorWebApp\WebApp\WebApp.csproj", "{A1D4DD88-495F-4505-A84E-80BAB8832490}"
EndProject
Project("{2150E333-8FDC-42A3-9474-1A3956D46DE8}") = "BasketService", "BasketService", "{B2516DA2-9AE5-4451-8CC2-239540742777}"
EndProject
Project("{FAE04EC0-301F-11D3-BF4B-00C04F79EFBC}") = "BasketService.Api", "src\Services\BasketService\BasketService.Api\BasketService.Api.csproj", "{77586AA6-79C0-46AB-B185-C5C0B7BCA8FD}"
EndProject
Project("{2150E333-8FDC-42A3-9474-1A3956D46DE8}") = "CatalogService", "CatalogService", "{6910887E-288B-42A6-AAF0-5D57A8C41485}"
EndProject
Project("{FAE04EC0-301F-11D3-BF4B-00C04F79EFBC}") = "CatalogService.Api", "src\Services\CatalogService\CatalogService.Api\CatalogService.Api.csproj", "{8138FC96-28C2-426C-866E-C3FABEBD1360}"
EndProject
Project("{2150E333-8FDC-42A3-9474-1A3956D46DE8}") = "IdentityService", "IdentityService", "{DAA91708-0D04-4B1C-9938-0E978D5FABB0}"
EndProject
Project("{FAE04EC0-301F-11D3-BF4B-00C04F79EFBC}") = "IdentityService.Api", "src\Services\IdentityService\IdentityService.Api\IdentityService.Api.csproj", "{EFB33928-1630-4B9E-9374-178812A86966}"
EndProject
Project("{2150E333-8FDC-42A3-9474-1A3956D46DE8}") = "NotificationService", "NotificationService", "{C5EB4F7C-C1F3-4C6F-A169-5B4936812A73}"
EndProject
Project("{FAE04EC0-301F-11D3-BF4B-00C04F79EFBC}") = "NotificationService", "src\Services\NotificationService\NotificationService\NotificationService.csproj", "{A1A8E940-3DDA-4565-AAB4-1D9B6F243407}"
EndProject
Project("{2150E333-8FDC-42A3-9474-1A3956D46DE8}") = "OrderService", "OrderService", "{C3C8DE6E-A064-49AD-BF12-B547A85B72F4}"
EndProject
Project("{FAE04EC0-301F-11D3-BF4B-00C04F79EFBC}") = "OrderService.Domain", "src\Services\OrderService\OrderService.Domain\OrderService.Domain.csproj", "{B1EADC68-8709-47BC-8A75-782C9CC572DF}"
EndProject
Project("{FAE04EC0-301F-11D3-BF4B-00C04F79EFBC}") = "OrderService.Application", "src\Services\OrderService\OrderService.Application\OrderService.Application.csproj", "{1ADB4706-8EB2-48D9-983A-8774B8367D91}"
EndProject
Project("{FAE04EC0-301F-11D3-BF4B-00C04F79EFBC}") = "OrderService.Infrastructure", "src\Services\OrderService\OrderService.Infrastructure\OrderService.Infrastructure.csproj", "{E83A0222-1C54-41D6-B4A3-9FDF7E94AB13}"
EndProject
Project("{2150E333-8FDC-42A3-9474-1A3956D46DE8}") = "PaymentService", "PaymentService", "{B1960DA0-A386-46C5-8B19-730BBB6C1B13}"
EndProject
Project("{FAE04EC0-301F-11D3-BF4B-00C04F79EFBC}") = "PaymentsService.Api", "src\Services\PaymentService\PaymentsService.Api\PaymentsService.Api.csproj", "{4D6278A1-631B-4F46-A4A3-59C7E44D2F37}"
EndProject
Global
	GlobalSection(SolutionConfigurationPlatforms) = preSolution
		Debug|Any CPU = Debug|Any CPU
		Release|Any CPU = Release|Any CPU
	EndGlobalSection
	GlobalSection(ProjectConfigurationPlatforms) = postSolution
		{34AAD9EF-4272-458B-BC8F-4A7A9E1C92E3}.Debug|Any CPU.ActiveCfg = Debug|Any CPU
		{34AAD9EF-4272-458B-BC8F-4A7A9E1C92E3}.Debug|Any CPU.Build.0 = Debug|Any CPU
		{34AAD9EF-4272-458B-BC8F-4A7A9E1C92E3}.Release|Any CPU.ActiveCfg = Release|Any CPU
		{34AAD9EF-4272-458B-BC8F-4A7A9E1C92E3}.Release|Any CPU.Build.0 = Release|Any CPU
		{C4EED23E-69CA-4EEB-ABA0-5CD0BAF762F8}.Debug|Any CPU.ActiveCfg = Debug|Any CPU
		{C4EED23E-69CA-4EEB-ABA0-5CD0BAF762F8}.Debug|Any CPU.Build.0 = Debug|Any CPU
		{C4EED23E-69CA-4EEB-ABA0-5CD0BAF762F8}.Release|Any CPU.ActiveCfg = Release|Any CPU
		{C4EED23E-69CA-4EEB-ABA0-5CD0BAF762F8}.Release|Any CPU.Build.0 = Release|Any CPU
		{F1DDC6FD-BC2C-4AFC-B432-3F0721638541}.Debug|Any CPU.ActiveCfg = Debug|Any CPU
		{F1DDC6FD-BC2C-4AFC-B432-3F0721638541}.Debug|Any CPU.Build.0 = Debug|Any CPU
		{F1DDC6FD-BC2C-4AFC-B432-3F0721638541}.Release|Any CPU.ActiveCfg = Release|Any CPU
		{F1DDC6FD-BC2C-4AFC-B432-3F0721638541}.Release|Any CPU.Build.0 = Release|Any CPU
		{04B07E54-906C-4FC4-815B-377A702D7C91}.Debug|Any CPU.ActiveCfg = Debug|Any CPU
		{04B07E54-906C-4FC4-815B-377A702D7C91}.Debug|Any CPU.Build.0 = Debug|Any CPU
		{04B07E54-906C-4FC4-815B-377A702D7C91}.Release|Any CPU.ActiveCfg = Release|Any CPU
		{04B07E54-906C-4FC4-815B-377A702D7C91}.Release|Any CPU.Build.0 = Release|Any CPU
		{CC32DB86-B5B3-4A25-B9E1-EF22F7CEA440}.Debug|Any CPU.ActiveCfg = Debug|Any CPU
		{CC32DB86-B5B3-4A25-B9E1-EF22F7CEA440}.Debug|Any CPU.Build.0 = Debug|Any CPU
		{CC32DB86-B5B3-4A25-B9E1-EF22F7CEA440}.Release|Any CPU.ActiveCfg = Release|Any CPU
		{CC32DB86-B5B3-4A25-B9E1-EF22F7CEA440}.Release|Any CPU.Build.0 = Release|Any CPU
		{A1D4DD88-495F-4505-A84E-80BAB8832490}.Debug|Any CPU.ActiveCfg = Debug|Any CPU
		{A1D4DD88-495F-4505-A84E-80BAB8832490}.Debug|Any CPU.Build.0 = Debug|Any CPU
		{A1D4DD88-495F-4505-A84E-80BAB8832490}.Release|Any CPU.ActiveCfg = Release|Any CPU
		{A1D4DD88-495F-4505-A84E-80BAB8832490}.Release|Any CPU.Build.0 = Release|Any CPU
		{77586AA6-79C0-46AB-B185-C5C0B7BCA8FD}.Debug|Any CPU.ActiveCfg = Debug|Any CPU
		{77586AA6-79C0-46AB-B185-C5C0B7BCA8FD}.Debug|Any CPU.Build.0 = Debug|Any CPU
		{77586AA6-79C0-46AB-B185-C5C0B7BCA8FD}.Release|Any CPU.ActiveCfg = Release|Any CPU
		{77586AA6-79C0-46AB-B185-C5C0B7BCA8FD}.Release|Any CPU.Build.0 = Release|Any CPU
		{8138FC96-28C2-426C-866E-C3FABEBD1360}.Debug|Any CPU.ActiveCfg = Debug|Any CPU
		{8138FC96-28C2-426C-866E-C3FABEBD1360}.Debug|Any CPU.Build.0 = Debug|Any CPU
		{8138FC96-28C2-426C-866E-C3FABEBD1360}.Release|Any CPU.ActiveCfg = Release|Any CPU
		{8138FC96-28C2-426C-866E-C3FABEBD1360}.Release|Any CPU.Build.0 = Release|Any CPU
		{EFB33928-1630-4B9E-9374-178812A86966}.Debug|Any CPU.ActiveCfg = Debug|Any CPU
		{EFB33928-1630-4B9E-9374-178812A86966}.Debug|Any CPU.Build.0 = Debug|Any CPU
		{EFB33928-1630-4B9E-9374-178812A86966}.Release|Any CPU.ActiveCfg = Release|Any CPU
		{EFB33928-1630-4B9E-9374-178812A86966}.Release|Any CPU.Build.0 = Release|Any CPU
		{A1A8E940-3DDA-4565-AAB4-1D9B6F243407}.Debug|Any CPU.ActiveCfg = Debug|Any CPU
		{A1A8E940-3DDA-4565-AAB4-1D9B6F243407}.Debug|Any CPU.Build.0 = Debug|Any CPU
		{A1A8E940-3DDA-4565-AAB4-1D9B6F243407}.Release|Any CPU.ActiveCfg = Release|Any CPU
		{A1A8E940-3DDA-4565-AAB4-1D9B6F243407}.Release|Any CPU.Build.0 = Release|Any CPU
		{B1EADC68-8709-47BC-8A75-782C9CC572DF}.Debug|Any CPU.ActiveCfg = Debug|Any CPU
		{B1EADC68-8709-47BC-8A75-782C9CC572DF}.Debug|Any CPU.Build.0 = Debug|Any CPU
		{B1EADC68-8709-47BC-8A75-782C9CC572DF}.Release|Any CPU.ActiveCfg = Release|Any CPU
		{B1EADC68-8709-47BC-8A75-782C9CC572DF}.Release|Any CPU.Build.0 = Release|Any CPU
		{1ADB4706-8EB2-48D9-983A-8774B8367D91}.Debug|Any CPU.ActiveCfg = Debug|Any CPU
		{1ADB4706-8EB2-48D9-983A-8774B8367D91}.Debug|Any CPU.Build.0 = Debug|Any CPU
		{1ADB4706-8EB2-48D9-983A-8774B8367D91}.Release|Any CPU.ActiveCfg = Release|Any CPU
		{1ADB4706-8EB2-48D9-983A-8774B8367D91}.Release|Any CPU.Build.0 = Release|Any CPU
		{E83A0222-1C54-41D6-B4A3-9FDF7E94AB13}.Debug|Any CPU.ActiveCfg = Debug|Any CPU
		{E83A0222-1C54-41D6-B4A3-9FDF7E94AB13}.Debug|Any CPU.Build.0 = Debug|Any CPU
		{E83A0222-1C54-41D6-B4A3-9FDF7E94AB13}.Release|Any CPU.ActiveCfg = Release|Any CPU
		{E83A0222-1C54-41D6-B4A3-9FDF7E94AB13}.Release|Any CPU.Build.0 = Release|Any CPU
		{4D6278A1-631B-4F46-A4A3-59C7E44D2F37}.Debug|Any CPU.ActiveCfg = Debug|Any CPU
		{4D6278A1-631B-4F46-A4A3-59C7E44D2F37}.Debug|Any CPU.Build.0 = Debug|Any CPU
		{4D6278A1-631B-4F46-A4A3-59C7E44D2F37}.Release|Any CPU.ActiveCfg = Release|Any CPU
		{4D6278A1-631B-4F46-A4A3-59C7E44D2F37}.Release|Any CPU.Build.0 = Release|Any CPU
	EndGlobalSection
	GlobalSection(SolutionProperties) = preSolution
		HideSolutionNode = FALSE
	EndGlobalSection
	GlobalSection(NestedProjects) = preSolution
		{6A5C731D-AE19-4E9B-8557-670CAD727EAF} = {D6DD12E0-9CB4-4222-B6F7-43075FCA4961}
		{97A762AF-3C4E-47F4-B14D-E636B3459771} = {D6DD12E0-9CB4-4222-B6F7-43075FCA4961}
		{CD00A8A8-F071-47D4-89D7-5EF4507D3697} = {D6DD12E0-9CB4-4222-B6F7-43075FCA4961}
		{EA7A3CE2-27FE-4E9C-B171-46F1494FB663} = {D6DD12E0-9CB4-4222-B6F7-43075FCA4961}
		{4E2A7371-B840-4C2F-8BBE-D915363E2FDF} = {6A5C731D-AE19-4E9B-8557-670CAD727EAF}
		{34AAD9EF-4272-458B-BC8F-4A7A9E1C92E3} = {4E2A7371-B840-4C2F-8BBE-D915363E2FDF}
		{CFD1AF9E-189A-4E43-82AA-5007A0CFD0D0} = {97A762AF-3C4E-47F4-B14D-E636B3459771}
		{C4EED23E-69CA-4EEB-ABA0-5CD0BAF762F8} = {CFD1AF9E-189A-4E43-82AA-5007A0CFD0D0}
		{F1DDC6FD-BC2C-4AFC-B432-3F0721638541} = {CFD1AF9E-189A-4E43-82AA-5007A0CFD0D0}
		{04B07E54-906C-4FC4-815B-377A702D7C91} = {CFD1AF9E-189A-4E43-82AA-5007A0CFD0D0}
		{CC32DB86-B5B3-4A25-B9E1-EF22F7CEA440} = {CFD1AF9E-189A-4E43-82AA-5007A0CFD0D0}
		{70396BC4-B16A-4C69-894C-BBCE4E150DBE} = {EA7A3CE2-27FE-4E9C-B171-46F1494FB663}
		{A1D4DD88-495F-4505-A84E-80BAB8832490} = {70396BC4-B16A-4C69-894C-BBCE4E150DBE}
		{B2516DA2-9AE5-4451-8CC2-239540742777} = {CD00A8A8-F071-47D4-89D7-5EF4507D3697}
		{77586AA6-79C0-46AB-B185-C5C0B7BCA8FD} = {B2516DA2-9AE5-4451-8CC2-239540742777}
		{6910887E-288B-42A6-AAF0-5D57A8C41485} = {CD00A8A8-F071-47D4-89D7-5EF4507D3697}
		{8138FC96-28C2-426C-866E-C3FABEBD1360} = {6910887E-288B-42A6-AAF0-5D57A8C41485}
		{DAA91708-0D04-4B1C-9938-0E978D5FABB0} = {CD00A8A8-F071-47D4-89D7-5EF4507D3697}
		{EFB33928-1630-4B9E-9374-178812A86966} = {DAA91708-0D04-4B1C-9938-0E978D5FABB0}
		{C5EB4F7C-C1F3-4C6F-A169-5B4936812A73} = {CD00A8A8-F071-47D4-89D7-5EF4507D3697}
		{A1A8E940-3DDA-4565-AAB4-1D9B6F243407} = {C5EB4F7C-C1F3-4C6F-A169-5B4936812A73}
		{C3C8DE6E-A064-49AD-BF12-B547A85B72F4} = {CD00A8A8-F071-47D4-89D7-5EF4507D3697}
		{B1EADC68-8709-47BC-8A75-782C9CC572DF} = {C3C8DE6E-A064-49AD-BF12-B547A85B72F4}
		{1ADB4706-8EB2-48D9-983A-8774B8367D91} = {C3C8DE6E-A064-49AD-BF12-B547A85B72F4}
		{E83A0222-1C54-41D6-B4A3-9FDF7E94AB13} = {C3C8DE6E-A064-49AD-BF12-B547A85B72F4}
		{B1960DA0-A386-46C5-8B19-730BBB6C1B13} = {CD00A8A8-F071-47D4-89D7-5EF4507D3697}
		{4D6278A1-631B-4F46-A4A3-59C7E44D2F37} = {B1960DA0-A386-46C5-8B19-730BBB6C1B13}
	EndGlobalSection
	GlobalSection(ExtensibilityGlobals) = postSolution
		SolutionGuid = {39958EAC-5588-432C-9584-2A34D615B542}
	EndGlobalSection
EndGlobal
